<?xml version="1.0" encoding="utf-8"?>
<Project ToolsVersion="4.0" xmlns="http://schemas.microsoft.com/developer/msbuild/2003">
  <ItemGroup>
    <Filter Include="Source Files">
      <UniqueIdentifier>{4FC737F1-C7A5-4376-A066-2A32D752A2FF}</UniqueIdentifier>
      <Extensions>cpp;c;cc;cxx;def;odl;idl;hpj;bat;asm;asmx</Extensions>
    </Filter>
    <Filter Include="Header Files">
      <UniqueIdentifier>{93995380-89BD-4b04-88EB-625FBE52EBFB}</UniqueIdentifier>
      <Extensions>h;hh;hpp;hxx;hm;inl;inc;xsd</Extensions>
    </Filter>
    <Filter Include="Resource Files">
      <UniqueIdentifier>{67DA6AB6-F800-4c08-8B7A-83BB121AAD01}</UniqueIdentifier>
      <Extensions>rc;ico;cur;bmp;dlg;rc2;rct;bin;rgs;gif;jpg;jpeg;jpe;resx;tiff;tif;png;wav;mfcribbon-ms</Extensions>
    </Filter>
    <Filter Include="Header Files\Framework">
      <UniqueIdentifier>{a4430bae-aea3-4c8f-ad37-efd0f4a8553b}</UniqueIdentifier>
    </Filter>
    <Filter Include="Source Files\Framework">
      <UniqueIdentifier>{99f3df32-19b2-4a5b-b63d-4354f12e34ad}</UniqueIdentifier>
    </Filter>
    <Filter Include="Source Files\Engine Tests">
      <UniqueIdentifier>{c5567498-cb4a-4524-90a5-85f14c1cce96}</UniqueIdentifier>
    </Filter>
    <Filter Include="Source Files\Game Tests">
      <UniqueIdentifier>{068dae98-e5fa-43f2-b20e-e91a58cea140}</UniqueIdentifier>
    </Filter>
  </ItemGroup>
  <ItemGroup>
    <ClInclude Include="Inc\Catch.hpp">
      <Filter>Header Files\Framework</Filter>
    </ClInclude>
  </ItemGroup>
  <ItemGroup>
    <ClCompile Include="Src\Main.cpp">
      <Filter>Source Files\Framework</Filter>
    </ClCompile>
    <ClCompile Include="Src\Utility.cpp">
      <Filter>Source Files\Engine Tests</Filter>
    </ClCompile>
    <ClCompile Include="Src\IUpdatable.cpp">
      <Filter>Source Files\Engine Tests</Filter>
    </ClCompile>
    <ClCompile Include="Src\Assets.cpp">
      <Filter>Source Files\Engine Tests</Filter>
    </ClCompile>
    <ClCompile Include="Src\GameplayObjects.cpp">
      <Filter>Source Files\Engine Tests</Filter>
    </ClCompile>
  </ItemGroup>
</Project>