<?xml version="1.0" encoding="utf-8"?>
<Project ToolsVersion="4.0" xmlns="http://schemas.microsoft.com/developer/msbuild/2003">
  <ItemGroup>
    <Filter Include="Source Files">
      <UniqueIdentifier>{4FC737F1-C7A5-4376-A066-2A32D752A2FF}</UniqueIdentifier>
      <Extensions>cpp;c;cc;cxx;def;odl;idl;hpj;bat;asm;asmx</Extensions>
    </Filter>
    <Filter Include="Header Files">
      <UniqueIdentifier>{93995380-89BD-4b04-88EB-625FBE52EBFB}</UniqueIdentifier>
      <Extensions>h;hh;hpp;hxx;hm;inl;inc;xsd</Extensions>
    </Filter>
    <Filter Include="Resource Files">
      <UniqueIdentifier>{67DA6AB6-F800-4c08-8B7A-83BB121AAD01}</UniqueIdentifier>
      <Extensions>rc;ico;cur;bmp;dlg;rc2;rct;bin;rgs;gif;jpg;jpeg;jpe;resx;tiff;tif;png;wav;mfcribbon-ms</Extensions>
    </Filter>
    <Filter Include="Header Files\Utility">
      <UniqueIdentifier>{e84be837-363f-4e72-a90c-5a67a6de01a2}</UniqueIdentifier>
    </Filter>
    <Filter Include="Header Files\Debug">
      <UniqueIdentifier>{075ae26e-6b88-4588-a505-17f7475dce6c}</UniqueIdentifier>
    </Filter>
    <Filter Include="Source Files\Debug">
      <UniqueIdentifier>{41db3f52-f708-4487-a9a5-27720b61064b}</UniqueIdentifier>
    </Filter>
    <Filter Include="Header Files\IUpdatable">
      <UniqueIdentifier>{6d9d6482-0e3e-4ad4-8792-05e7c12f60d6}</UniqueIdentifier>
    </Filter>
    <Filter Include="Source Files\IUpdatable">
      <UniqueIdentifier>{2f63733a-995d-44f0-8454-07b9b74d485d}</UniqueIdentifier>
    </Filter>
    <Filter Include="Source Files\Assets">
      <UniqueIdentifier>{c06cb477-167c-4826-a014-466f6b50ac96}</UniqueIdentifier>
    </Filter>
    <Filter Include="Header Files\Assets">
      <UniqueIdentifier>{7c69e935-d73b-4f13-8f62-0132234c2bf5}</UniqueIdentifier>
    </Filter>
    <Filter Include="Header Files\GameplayObjects">
      <UniqueIdentifier>{51b857f3-a4d4-4838-b316-458e6bba2d75}</UniqueIdentifier>
    </Filter>
    <Filter Include="Source Files\GameplayObjects">
      <UniqueIdentifier>{72ff5a65-7c28-49ac-af52-f48dd0784eaa}</UniqueIdentifier>
    </Filter>
  </ItemGroup>
  <ItemGroup>
    <ClCompile Include="Src\Debug.cpp">
      <Filter>Source Files\Debug</Filter>
    </ClCompile>
    <ClCompile Include="Src\Updater.cpp">
      <Filter>Source Files\IUpdatable</Filter>
    </ClCompile>
    <ClCompile Include="Src\IUpdatable.cpp">
      <Filter>Source Files\IUpdatable</Filter>
    </ClCompile>
    <ClCompile Include="Src\AudioHolder.cpp">
      <Filter>Source Files\Assets</Filter>
    </ClCompile>
    <ClCompile Include="Src\INIFile.cpp">
      <Filter>Source Files\Assets</Filter>
    </ClCompile>
    <ClCompile Include="Src\EnginePCH.cpp">
      <Filter>Source Files</Filter>
    </ClCompile>
    <ClCompile Include="Src\Assets.cpp">
      <Filter>Source Files\Assets</Filter>
    </ClCompile>
    <ClCompile Include="Src\Entity.cpp">
      <Filter>Source Files\GameplayObjects</Filter>
    </ClCompile>
    <ClCompile Include="Src\EntityStorage.cpp">
      <Filter>Source Files\GameplayObjects</Filter>
    </ClCompile>
    <ClCompile Include="Src\System.cpp">
      <Filter>Source Files\GameplayObjects</Filter>
    </ClCompile>
    <ClCompile Include="Src\Scene.cpp">
      <Filter>Source Files\GameplayObjects</Filter>
    </ClCompile>
    <ClCompile Include="Src\SystemStorage.cpp">
      <Filter>Source Files</Filter>
    </ClCompile>
  </ItemGroup>
  <ItemGroup>
    <ClInclude Include="Inc\EnginePCH.hpp">
      <Filter>Header Files</Filter>
    </ClInclude>
    <ClInclude Include="Inc\Utility.hpp">
      <Filter>Header Files\Utility</Filter>
    </ClInclude>
    <ClInclude Include="Inc\Debug.hpp">
      <Filter>Header Files\Debug</Filter>
    </ClInclude>
    <ClInclude Include="Inc\IUpdatable.hpp">
      <Filter>Header Files\IUpdatable</Filter>
    </ClInclude>
    <ClInclude Include="Inc\Updater.hpp">
      <Filter>Header Files\IUpdatable</Filter>
    </ClInclude>
    <ClInclude Include="Inc\Assets.hpp">
      <Filter>Header Files\Assets</Filter>
    </ClInclude>
    <ClInclude Include="Inc\AudioHolder.hpp">
      <Filter>Header Files\Assets</Filter>
    </ClInclude>
    <ClInclude Include="Inc\BasicAssetHolder.hpp">
      <Filter>Header Files\Assets</Filter>
    </ClInclude>
    <ClInclude Include="Inc\INIFile.hpp">
      <Filter>Header Files\Assets</Filter>
    </ClInclude>
    <ClInclude Include="Inc\Settings.hpp">
      <Filter>Header Files\Assets</Filter>
    </ClInclude>
    <ClInclude Include="Inc\Entity.hpp">
      <Filter>Header Files\GameplayObjects</Filter>
    </ClInclude>
    <ClInclude Include="Inc\EntityStorage.hpp">
      <Filter>Header Files\GameplayObjects</Filter>
    </ClInclude>
    <ClInclude Include="Inc\System.hpp">
      <Filter>Header Files\GameplayObjects</Filter>
    </ClInclude>
    <ClInclude Include="Inc\Scene.hpp">
      <Filter>Header Files\GameplayObjects</Filter>
    </ClInclude>
    <ClInclude Include="Inc\SystemStorage.hpp">
      <Filter>Header Files</Filter>
    </ClInclude>
  </ItemGroup>
</Project>